{
  "version": "3",
  "packages": {
    "specifiers": {
      "npm:@types/node": "npm:@types/node@18.16.19",
      "npm:jsdoc-extractor": "npm:jsdoc-extractor@3.2.0",
      "npm:jsdoc-to-markdown": "npm:jsdoc-to-markdown@8.0.0"
    },
    "npm": {
      "@babel/parser@7.23.0": {
        "integrity": "sha512-vvPKKdMemU85V9WE/l5wZEmImpCtLqbnTvqDS2U1fJ96KrxoW7KrXhNsNCblQlg8Ck4b85yxdTyelsMUgFUXiw==",
        "dependencies": {}
      },
      "@jsdoc/salty@0.2.5": {
        "integrity": "sha512-TfRP53RqunNe2HBobVBJ0VLhK1HbfvBYeTC1ahnN64PWvyYyGebmMiPkuwvD9fpw2ZbkoPb8Q7mwy0aR8Z9rvw==",
        "dependencies": {
          "lodash": "lodash@4.17.21"
        }
      },
      "@types/linkify-it@3.0.3": {
        "integrity": "sha512-pTjcqY9E4nOI55Wgpz7eiI8+LzdYnw3qxXCfHyBDdPbYvbyLgWLJGh8EdPvqawwMK1Uo1794AUkkR38Fr0g+2g==",
        "dependencies": {}
      },
      "@types/markdown-it@12.2.3": {
        "integrity": "sha512-GKMHFfv3458yYy+v/N8gjufHO6MSZKCOXpZc5GXIWWy8uldwfmPn98vp81gZ5f9SVw8YYBctgfJ22a2d7AOMeQ==",
        "dependencies": {
          "@types/linkify-it": "@types/linkify-it@3.0.3",
          "@types/mdurl": "@types/mdurl@1.0.3"
        }
      },
      "@types/mdurl@1.0.3": {
        "integrity": "sha512-T5k6kTXak79gwmIOaDF2UUQXFbnBE0zBUzF20pz7wDYu0RQMzWg+Ml/Pz50214NsFHBITkoi5VtdjFZnJ2ijjA==",
        "dependencies": {}
      },
      "@types/node@18.16.19": {
        "integrity": "sha512-IXl7o+R9iti9eBW4Wg2hx1xQDig183jj7YLn8F7udNceyfkbn1ZxmzZXuak20gR40D7pIkIY1kYGx5VIGbaHKA==",
        "dependencies": {}
      },
      "ansi-escape-sequences@4.1.0": {
        "integrity": "sha512-dzW9kHxH011uBsidTXd14JXgzye/YLb2LzeKZ4bsgl/Knwx8AtbSFkkGxagdNOoh0DlqHCmfiEjWKBaqjOanVw==",
        "dependencies": {
          "array-back": "array-back@3.1.0"
        }
      },
      "argparse@2.0.1": {
        "integrity": "sha512-8+9WqebbFzpX9OR+Wa6O29asIogeRMzcGtAINdpMHHyAg10f05aSFVBbcEqGf/PXw1EjAZ+q2/bEBg3DvurK3Q==",
        "dependencies": {}
      },
      "array-back@1.0.4": {
        "integrity": "sha512-1WxbZvrmyhkNoeYcizokbmh5oiOCIfyvGtcqbK3Ls1v1fKcquzxnQSceOx6tzq7jmai2kFLWIpGND2cLhH6TPw==",
        "dependencies": {
          "typical": "typical@2.6.1"
        }
      },
      "array-back@2.0.0": {
        "integrity": "sha512-eJv4pLLufP3g5kcZry0j6WXpIbzYw9GUB4mVJZno9wfwiBxbizTnHCw3VJb07cBihbFX48Y7oSrW9y+gt4glyw==",
        "dependencies": {
          "typical": "typical@2.6.1"
        }
      },
      "array-back@3.1.0": {
        "integrity": "sha512-TkuxA4UCOvxuDK6NZYXCalszEzj+TLszyASooky+i742l9TqsOdYCMJJupxRic61hwquNtppB3hgcuq9SVSH1Q==",
        "dependencies": {}
      },
      "array-back@4.0.2": {
        "integrity": "sha512-NbdMezxqf94cnNfWLL7V/im0Ub+Anbb0IoZhvzie8+4HJ4nMQuzHuy49FkGYCJK2yAloZ3meiB6AVMClbrI1vg==",
        "dependencies": {}
      },
      "array-back@5.0.0": {
        "integrity": "sha512-kgVWwJReZWmVuWOQKEOohXKJX+nD02JAZ54D1RRWlv8L0NebauKAaFxACKzB74RTclt1+WNz5KHaLRDAPZbDEw==",
        "dependencies": {}
      },
      "array-back@6.2.2": {
        "integrity": "sha512-gUAZ7HPyb4SJczXAMUXMGAvI976JoK3qEx9v1FTmeYuJj0IBiaKttG1ydtGKdkfqWkIkouke7nG8ufGy77+Cvw==",
        "dependencies": {}
      },
      "balanced-match@1.0.2": {
        "integrity": "sha512-3oSeUO0TMV67hN1AmbXsK4yaqU7tjiHlbxRDZOpH0KW9+CeX4bRAaX0Anxt0tx2MrpRpWwQaPwIlISEJhYU5Pw==",
        "dependencies": {}
      },
      "bluebird@3.7.2": {
        "integrity": "sha512-XpNj6GDQzdfW+r2Wnn7xiSAd7TM3jzkxGXBGTtWKuSXv1xUV+azxAm8jdWZN06QTQk+2N2XB9jRDkvbmQmcRtg==",
        "dependencies": {}
      },
      "brace-expansion@1.1.11": {
        "integrity": "sha512-iCuPHDFgrHX7H2vEI/5xpz07zSHB00TpugqhmYtVmMO6518mCuRMoOYFldEBl0g187ufozdaHgWKcYFb61qGiA==",
        "dependencies": {
          "balanced-match": "balanced-match@1.0.2",
          "concat-map": "concat-map@0.0.1"
        }
      },
      "cache-point@2.0.0": {
        "integrity": "sha512-4gkeHlFpSKgm3vm2gJN5sPqfmijYRFYCQ6tv5cLw0xVmT6r1z1vd4FNnpuOREco3cBs1G709sZ72LdgddKvL5w==",
        "dependencies": {
          "array-back": "array-back@4.0.2",
          "fs-then-native": "fs-then-native@2.0.0",
          "mkdirp2": "mkdirp2@1.0.5"
        }
      },
      "catharsis@0.9.0": {
        "integrity": "sha512-prMTQVpcns/tzFgFVkVp6ak6RykZyWb3gu8ckUpd6YkTlacOd3DXGJjIpD4Q6zJirizvaiAjSSHlOsA+6sNh2A==",
        "dependencies": {
          "lodash": "lodash@4.17.21"
        }
      },
      "collect-all@1.0.4": {
        "integrity": "sha512-RKZhRwJtJEP5FWul+gkSMEnaK6H3AGPTTWOiRimCcs+rc/OmQE3Yhy1Q7A7KsdkG3ZXVdZq68Y6ONSdvkeEcKA==",
        "dependencies": {
          "stream-connect": "stream-connect@1.0.2",
          "stream-via": "stream-via@1.0.4"
        }
      },
      "command-line-args@5.2.1": {
        "integrity": "sha512-H4UfQhZyakIjC74I9d34fGYDwk3XpSr17QhEd0Q3I9Xq1CETHo4Hcuo87WyWHpAF1aSLjLRf5lD9ZGX2qStUvg==",
        "dependencies": {
          "array-back": "array-back@3.1.0",
          "find-replace": "find-replace@3.0.0",
          "lodash.camelcase": "lodash.camelcase@4.3.0",
          "typical": "typical@4.0.0"
        }
      },
      "command-line-tool@0.8.0": {
        "integrity": "sha512-Xw18HVx/QzQV3Sc5k1vy3kgtOeGmsKIqwtFFoyjI4bbcpSgnw2CWVULvtakyw4s6fhyAdI6soQQhXc2OzJy62g==",
        "dependencies": {
          "ansi-escape-sequences": "ansi-escape-sequences@4.1.0",
          "array-back": "array-back@2.0.0",
          "command-line-args": "command-line-args@5.2.1",
          "command-line-usage": "command-line-usage@4.1.0",
          "typical": "typical@2.6.1"
        }
      },
      "command-line-usage@4.1.0": {
        "integrity": "sha512-MxS8Ad995KpdAC0Jopo/ovGIroV/m0KHwzKfXxKag6FHOkGsH8/lv5yjgablcRxCJJC0oJeUMuO/gmaq+Wq46g==",
        "dependencies": {
          "ansi-escape-sequences": "ansi-escape-sequences@4.1.0",
          "array-back": "array-back@2.0.0",
          "table-layout": "table-layout@0.4.5",
          "typical": "typical@2.6.1"
        }
      },
      "common-sequence@2.0.2": {
        "integrity": "sha512-jAg09gkdkrDO9EWTdXfv80WWH3yeZl5oT69fGfedBNS9pXUKYInVJ1bJ+/ht2+Moeei48TmSbQDYMc8EOx9G0g==",
        "dependencies": {}
      },
      "concat-map@0.0.1": {
        "integrity": "sha512-/Srv4dswyQNBfohGpz9o6Yb3Gz3SrUDqBH5rTuhGR7ahtlbYKnVxw2bCFMRljaA7EXHaXZ8wsHdodFvbkhKmqg==",
        "dependencies": {}
      },
      "config-master@3.1.0": {
        "integrity": "sha512-n7LBL1zBzYdTpF1mx5DNcZnZn05CWIdsdvtPL4MosvqbBUK3Rq6VWEtGUuF3Y0s9/CIhMejezqlSkP6TnCJ/9g==",
        "dependencies": {
          "walk-back": "walk-back@2.0.1"
        }
      },
      "deep-extend@0.6.0": {
        "integrity": "sha512-LOHxIOaPYdHlJRtCQfDIVZtfw/ufM8+rVj649RIHzcm/vGwQRXFt6OPqIFWsm2XEMrNIEtWR64sY1LEKD2vAOA==",
        "dependencies": {}
      },
      "dmd@6.2.0": {
        "integrity": "sha512-uXWxLF1H7TkUAuoHK59/h/ts5cKavm2LnhrIgJWisip4BVzPoXavlwyoprFFn2CzcahKYgvkfaebS6oxzgflkg==",
        "dependencies": {
          "array-back": "array-back@6.2.2",
          "cache-point": "cache-point@2.0.0",
          "common-sequence": "common-sequence@2.0.2",
          "file-set": "file-set@4.0.2",
          "handlebars": "handlebars@4.7.8",
          "marked": "marked@4.3.0",
          "object-get": "object-get@2.1.1",
          "reduce-flatten": "reduce-flatten@3.0.1",
          "reduce-unique": "reduce-unique@2.0.1",
          "reduce-without": "reduce-without@1.0.1",
          "test-value": "test-value@3.0.0",
          "walk-back": "walk-back@5.1.0"
        }
      },
      "entities@2.1.0": {
        "integrity": "sha512-hCx1oky9PFrJ611mf0ifBLBRW8lUUVRlFolb5gWRfIELabBlbp9xZvrqZLZAs+NxFnbfQoeGd8wDkygjg7U85w==",
        "dependencies": {}
      },
      "escape-string-regexp@2.0.0": {
        "integrity": "sha512-UpzcLCXolUWcNu5HtVMHYdXJjArjsF9C0aNnquZYY4uW/Vu0miy5YoWvbV345HauVvcAUnpRuhMMcqTcGOY2+w==",
        "dependencies": {}
      },
      "file-set@4.0.2": {
        "integrity": "sha512-fuxEgzk4L8waGXaAkd8cMr73Pm0FxOVkn8hztzUW7BAHhOGH90viQNXbiOsnecCWmfInqU6YmAMwxRMdKETceQ==",
        "dependencies": {
          "array-back": "array-back@5.0.0",
          "glob": "glob@7.2.3"
        }
      },
      "find-replace@3.0.0": {
        "integrity": "sha512-6Tb2myMioCAgv5kfvP5/PkZZ/ntTpVK39fHY7WkWBgvbeE+VHd/tZuZ4mrC+bxh4cfOZeYKVPaJIZtZXV7GNCQ==",
        "dependencies": {
          "array-back": "array-back@3.1.0"
        }
      },
      "fs-then-native@2.0.0": {
        "integrity": "sha512-X712jAOaWXkemQCAmWeg5rOT2i+KOpWz1Z/txk/cW0qlOu2oQ9H61vc5w3X/iyuUEfq/OyaFJ78/cZAQD1/bgA==",
        "dependencies": {}
      },
      "fs.realpath@1.0.0": {
        "integrity": "sha512-OO0pH2lK6a0hZnAdau5ItzHPI6pUlvI7jMVnxUQRtw4owF2wk8lOSabtGDCTP4Ggrg2MbGnWO9X8K1t4+fGMDw==",
        "dependencies": {}
      },
      "glob@7.2.3": {
        "integrity": "sha512-nFR0zLpU2YCaRxwoCJvL6UvCH2JFyFVIvwTLsIf21AuHlMskA1hhTdk+LlYJtOlYt9v6dvszD2BGRqBL+iQK9Q==",
        "dependencies": {
          "fs.realpath": "fs.realpath@1.0.0",
          "inflight": "inflight@1.0.6",
          "inherits": "inherits@2.0.4",
          "minimatch": "minimatch@3.1.2",
          "once": "once@1.4.0",
          "path-is-absolute": "path-is-absolute@1.0.1"
        }
      },
      "graceful-fs@4.2.11": {
        "integrity": "sha512-RbJ5/jmFcNNCcDV5o9eTnBLJ/HszWV0P73bc+Ff4nS/rJj+YaS6IGyiOL0VoBYX+l1Wrl3k63h/KrH+nhJ0XvQ==",
        "dependencies": {}
      },
      "handlebars@4.7.8": {
        "integrity": "sha512-vafaFqs8MZkRrSX7sFVUdo3ap/eNiLnb4IakshzvP56X5Nr1iGKAIqdX6tMlm6HcNRIkr6AxO5jFEoJzzpT8aQ==",
        "dependencies": {
          "minimist": "minimist@1.2.8",
          "neo-async": "neo-async@2.6.2",
          "source-map": "source-map@0.6.1",
          "uglify-js": "uglify-js@3.17.4",
          "wordwrap": "wordwrap@1.0.0"
        }
      },
      "inflight@1.0.6": {
        "integrity": "sha512-k92I/b08q4wvFscXCLvqfsHCrjrF7yiXsQuIVvVE7N82W3+aqpzuUdBbfhWcy/FZR3/4IgflMgKLOsvPDrGCJA==",
        "dependencies": {
          "once": "once@1.4.0",
          "wrappy": "wrappy@1.0.2"
        }
      },
      "inherits@2.0.4": {
        "integrity": "sha512-k/vGaX4/Yla3WzyMCvTQOXYeIHvqOKtnqBduzTHpzpQZzAskKMhZ2K+EnBiSM9zGSoIFeMpXKxa4dYeZIQqewQ==",
        "dependencies": {}
      },
      "js2xmlparser@4.0.2": {
        "integrity": "sha512-6n4D8gLlLf1n5mNLQPRfViYzu9RATblzPEtm1SthMX1Pjao0r9YI9nw7ZIfRxQMERS87mcswrg+r/OYrPRX6jA==",
        "dependencies": {
          "xmlcreate": "xmlcreate@2.0.4"
        }
      },
      "jsdoc-api@8.0.0": {
        "integrity": "sha512-Rnhor0suB1Ds1abjmFkFfKeD+kSMRN9oHMTMZoJVUrmtCGDwXty+sWMA9sa4xbe4UyxuPjhC7tavZ40mDKK6QQ==",
        "dependencies": {
          "array-back": "array-back@6.2.2",
          "cache-point": "cache-point@2.0.0",
          "collect-all": "collect-all@1.0.4",
          "file-set": "file-set@4.0.2",
          "fs-then-native": "fs-then-native@2.0.0",
          "jsdoc": "jsdoc@4.0.2_@types+markdown-it@12.2.3_markdown-it@12.3.2",
          "object-to-spawn-args": "object-to-spawn-args@2.0.1",
          "temp-path": "temp-path@1.0.0",
          "walk-back": "walk-back@5.1.0"
        }
      },
      "jsdoc-extractor@3.2.0": {
        "integrity": "sha512-eO6dpaQfVSN2ffCC3F5xXIyC9eb3jUjykkK/SEs3N29ZPip9StoYu4nbUMxTj5+4ZK6Qi4jHXpE+xx84XEfUEA==",
        "dependencies": {}
      },
      "jsdoc-parse@6.2.0": {
        "integrity": "sha512-Afu1fQBEb7QHt6QWX/6eUWvYHJofB90Fjx7FuJYF7mnG9z5BkAIpms1wsnvYLytfmqpEENHs/fax9p8gvMj7dw==",
        "dependencies": {
          "array-back": "array-back@6.2.2",
          "lodash.omit": "lodash.omit@4.5.0",
          "lodash.pick": "lodash.pick@4.4.0",
          "reduce-extract": "reduce-extract@1.0.0",
          "sort-array": "sort-array@4.1.5",
          "test-value": "test-value@3.0.0"
        }
      },
      "jsdoc-to-markdown@8.0.0": {
        "integrity": "sha512-2FQvYkg491+FP6s15eFlgSSWs69CvQrpbABGYBtvAvGWy/lWo8IKKToarT283w59rQFrpcjHl3YdhHCa3l7gXg==",
        "dependencies": {
          "array-back": "array-back@6.2.2",
          "command-line-tool": "command-line-tool@0.8.0",
          "config-master": "config-master@3.1.0",
          "dmd": "dmd@6.2.0",
          "jsdoc-api": "jsdoc-api@8.0.0",
          "jsdoc-parse": "jsdoc-parse@6.2.0",
          "walk-back": "walk-back@5.1.0"
        }
      },
      "jsdoc@4.0.2_@types+markdown-it@12.2.3_markdown-it@12.3.2": {
        "integrity": "sha512-e8cIg2z62InH7azBBi3EsSEqrKx+nUtAS5bBcYTSpZFA+vhNPyhv8PTFZ0WsjOPDj04/dOLlm08EDcQJDqaGQg==",
        "dependencies": {
          "@babel/parser": "@babel/parser@7.23.0",
          "@jsdoc/salty": "@jsdoc/salty@0.2.5",
          "@types/markdown-it": "@types/markdown-it@12.2.3",
          "bluebird": "bluebird@3.7.2",
          "catharsis": "catharsis@0.9.0",
          "escape-string-regexp": "escape-string-regexp@2.0.0",
          "js2xmlparser": "js2xmlparser@4.0.2",
          "klaw": "klaw@3.0.0",
          "markdown-it": "markdown-it@12.3.2",
          "markdown-it-anchor": "markdown-it-anchor@8.6.7_@types+markdown-it@12.2.3_markdown-it@12.3.2",
          "marked": "marked@4.3.0",
          "mkdirp": "mkdirp@1.0.4",
          "requizzle": "requizzle@0.2.4",
          "strip-json-comments": "strip-json-comments@3.1.1",
          "underscore": "underscore@1.13.6"
        }
      },
      "klaw@3.0.0": {
        "integrity": "sha512-0Fo5oir+O9jnXu5EefYbVK+mHMBeEVEy2cmctR1O1NECcCkPRreJKrS6Qt/j3KC2C148Dfo9i3pCmCMsdqGr0g==",
        "dependencies": {
          "graceful-fs": "graceful-fs@4.2.11"
        }
      },
      "linkify-it@3.0.3": {
        "integrity": "sha512-ynTsyrFSdE5oZ/O9GEf00kPngmOfVwazR5GKDq6EYfhlpFug3J2zybX56a2PRRpc9P+FuSoGNAwjlbDs9jJBPQ==",
        "dependencies": {
          "uc.micro": "uc.micro@1.0.6"
        }
      },
      "lodash.camelcase@4.3.0": {
        "integrity": "sha512-TwuEnCnxbc3rAvhf/LbG7tJUDzhqXyFnv3dtzLOPgCG/hODL7WFnsbwktkD7yUV0RrreP/l1PALq/YSg6VvjlA==",
        "dependencies": {}
      },
      "lodash.omit@4.5.0": {
        "integrity": "sha512-XeqSp49hNGmlkj2EJlfrQFIzQ6lXdNro9sddtQzcJY8QaoC2GO0DT7xaIokHeyM+mIT0mPMlPvkYzg2xCuHdZg==",
        "dependencies": {}
      },
      "lodash.padend@4.6.1": {
        "integrity": "sha512-sOQs2aqGpbl27tmCS1QNZA09Uqp01ZzWfDUoD+xzTii0E7dSQfRKcRetFwa+uXaxaqL+TKm7CgD2JdKP7aZBSw==",
        "dependencies": {}
      },
      "lodash.pick@4.4.0": {
        "integrity": "sha512-hXt6Ul/5yWjfklSGvLQl8vM//l3FtyHZeuelpzK6mm99pNvN9yTDruNZPEJZD1oWrqo+izBmB7oUfWgcCX7s4Q==",
        "dependencies": {}
      },
      "lodash@4.17.21": {
        "integrity": "sha512-v2kDEe57lecTulaDIuNTPy3Ry4gLGJ6Z1O3vE1krgXZNrsQ+LFTGHVxVjcXPs17LhbZVGedAJv8XZ1tvj5FvSg==",
        "dependencies": {}
      },
      "markdown-it-anchor@8.6.7_@types+markdown-it@12.2.3_markdown-it@12.3.2": {
        "integrity": "sha512-FlCHFwNnutLgVTflOYHPW2pPcl2AACqVzExlkGQNsi4CJgqOHN7YTgDd4LuhgN1BFO3TS0vLAruV1Td6dwWPJA==",
        "dependencies": {
          "@types/markdown-it": "@types/markdown-it@12.2.3",
          "markdown-it": "markdown-it@12.3.2"
        }
      },
      "markdown-it@12.3.2": {
        "integrity": "sha512-TchMembfxfNVpHkbtriWltGWc+m3xszaRD0CZup7GFFhzIgQqxIfn3eGj1yZpfuflzPvfkt611B2Q/Bsk1YnGg==",
        "dependencies": {
          "argparse": "argparse@2.0.1",
          "entities": "entities@2.1.0",
          "linkify-it": "linkify-it@3.0.3",
          "mdurl": "mdurl@1.0.1",
          "uc.micro": "uc.micro@1.0.6"
        }
      },
      "marked@4.3.0": {
        "integrity": "sha512-PRsaiG84bK+AMvxziE/lCFss8juXjNaWzVbN5tXAm4XjeaS9NAHhop+PjQxz2A9h8Q4M/xGmzP8vqNwy6JeK0A==",
        "dependencies": {}
      },
      "mdurl@1.0.1": {
        "integrity": "sha512-/sKlQJCBYVY9Ers9hqzKou4H6V5UWc/M59TH2dvkt+84itfnq7uFOMLpOiOS4ujvHP4etln18fmIxA5R5fll0g==",
        "dependencies": {}
      },
      "minimatch@3.1.2": {
        "integrity": "sha512-J7p63hRiAjw1NDEww1W7i37+ByIrOWO5XQQAzZ3VOcL0PNybwpfmV/N05zFAzwQ9USyEcX6t3UO+K5aqBQOIHw==",
        "dependencies": {
          "brace-expansion": "brace-expansion@1.1.11"
        }
      },
      "minimist@1.2.8": {
        "integrity": "sha512-2yyAR8qBkN3YuheJanUpWC5U3bb5osDywNB8RzDVlDwDHbocAJveqqj1u8+SVD7jkWT4yvsHCpWqqWqAxb0zCA==",
        "dependencies": {}
      },
      "mkdirp2@1.0.5": {
        "integrity": "sha512-xOE9xbICroUDmG1ye2h4bZ8WBie9EGmACaco8K8cx6RlkJJrxGIqjGqztAI+NMhexXBcdGbSEzI6N3EJPevxZw==",
        "dependencies": {}
      },
      "mkdirp@1.0.4": {
        "integrity": "sha512-vVqVZQyf3WLx2Shd0qJ9xuvqgAyKPLAiqITEtqW0oIUjzo3PePDd6fW9iFz30ef7Ysp/oiWqbhszeGWW2T6Gzw==",
        "dependencies": {}
      },
      "neo-async@2.6.2": {
        "integrity": "sha512-Yd3UES5mWCSqR+qNT93S3UoYUkqAZ9lLg8a7g9rimsWmYGK8cVToA4/sF3RrshdyV3sAGMXVUmpMYOw+dLpOuw==",
        "dependencies": {}
      },
      "object-get@2.1.1": {
        "integrity": "sha512-7n4IpLMzGGcLEMiQKsNR7vCe+N5E9LORFrtNUVy4sO3dj9a3HedZCxEL2T7QuLhcHN1NBuBsMOKaOsAYI9IIvg==",
        "dependencies": {}
      },
      "object-to-spawn-args@2.0.1": {
        "integrity": "sha512-6FuKFQ39cOID+BMZ3QaphcC8Y4cw6LXBLyIgPU+OhIYwviJamPAn+4mITapnSBQrejB+NNp+FMskhD8Cq+Ys3w==",
        "dependencies": {}
      },
      "once@1.4.0": {
        "integrity": "sha512-lNaJgI+2Q5URQBkccEKHTQOPaXdUxnZZElQTZY0MFUAuaEqe1E+Nyvgdz/aIyNi6Z9MzO5dv1H8n58/GELp3+w==",
        "dependencies": {
          "wrappy": "wrappy@1.0.2"
        }
      },
      "path-is-absolute@1.0.1": {
        "integrity": "sha512-AVbw3UJ2e9bq64vSaS9Am0fje1Pa8pbGqTTsmXfaIiMpnr5DlDhfJOuLj9Sf95ZPVDAUerDfEk88MPmPe7UCQg==",
        "dependencies": {}
      },
      "reduce-extract@1.0.0": {
        "integrity": "sha512-QF8vjWx3wnRSL5uFMyCjDeDc5EBMiryoT9tz94VvgjKfzecHAVnqmXAwQDcr7X4JmLc2cjkjFGCVzhMqDjgR9g==",
        "dependencies": {
          "test-value": "test-value@1.1.0"
        }
      },
      "reduce-flatten@1.0.1": {
        "integrity": "sha512-j5WfFJfc9CoXv/WbwVLHq74i/hdTUpy+iNC534LxczMRP67vJeK3V9JOdnL0N1cIRbn9mYhE2yVjvvKXDxvNXQ==",
        "dependencies": {}
      },
      "reduce-flatten@3.0.1": {
        "integrity": "sha512-bYo+97BmUUOzg09XwfkwALt4PQH1M5L0wzKerBt6WLm3Fhdd43mMS89HiT1B9pJIqko/6lWx3OnV4J9f2Kqp5Q==",
        "dependencies": {}
      },
      "reduce-unique@2.0.1": {
        "integrity": "sha512-x4jH/8L1eyZGR785WY+ePtyMNhycl1N2XOLxhCbzZFaqF4AXjLzqSxa2UHgJ2ZVR/HHyPOvl1L7xRnW8ye5MdA==",
        "dependencies": {}
      },
      "reduce-without@1.0.1": {
        "integrity": "sha512-zQv5y/cf85sxvdrKPlfcRzlDn/OqKFThNimYmsS3flmkioKvkUGn2Qg9cJVoQiEvdxFGLE0MQER/9fZ9sUqdxg==",
        "dependencies": {
          "test-value": "test-value@2.1.0"
        }
      },
      "requizzle@0.2.4": {
        "integrity": "sha512-JRrFk1D4OQ4SqovXOgdav+K8EAhSB/LJZqCz8tbX0KObcdeM15Ss59ozWMBWmmINMagCwmqn4ZNryUGpBsl6Jw==",
        "dependencies": {
          "lodash": "lodash@4.17.21"
        }
      },
      "sort-array@4.1.5": {
        "integrity": "sha512-Ya4peoS1fgFN42RN1REk2FgdNOeLIEMKFGJvs7VTP3OklF8+kl2SkpVliZ4tk/PurWsrWRsdNdU+tgyOBkB9sA==",
        "dependencies": {
          "array-back": "array-back@5.0.0",
          "typical": "typical@6.0.1"
        }
      },
      "source-map@0.6.1": {
        "integrity": "sha512-UjgapumWlbMhkBgzT7Ykc5YXUT46F0iKu8SGXq0bcwP5dz/h0Plj6enJqjz1Zbq2l5WaqYnrVbwWOWMyF3F47g==",
        "dependencies": {}
      },
      "stream-connect@1.0.2": {
        "integrity": "sha512-68Kl+79cE0RGKemKkhxTSg8+6AGrqBt+cbZAXevg2iJ6Y3zX4JhA/sZeGzLpxW9cXhmqAcE7KnJCisUmIUfnFQ==",
        "dependencies": {
          "array-back": "array-back@1.0.4"
        }
      },
      "stream-via@1.0.4": {
        "integrity": "sha512-DBp0lSvX5G9KGRDTkR/R+a29H+Wk2xItOF+MpZLLNDWbEV9tGPnqLPxHEYjmiz8xGtJHRIqmI+hCjmNzqoA4nQ==",
        "dependencies": {}
      },
      "strip-json-comments@3.1.1": {
        "integrity": "sha512-6fPc+R4ihwqP6N/aIv2f1gMH8lOVtWQHoqC4yK6oSDVVocumAsfCqjkXnqiYMhmMwS/mEHLp7Vehlt3ql6lEig==",
        "dependencies": {}
      },
      "table-layout@0.4.5": {
        "integrity": "sha512-zTvf0mcggrGeTe/2jJ6ECkJHAQPIYEwDoqsiqBjI24mvRmQbInK5jq33fyypaCBxX08hMkfmdOqj6haT33EqWw==",
        "dependencies": {
          "array-back": "array-back@2.0.0",
          "deep-extend": "deep-extend@0.6.0",
          "lodash.padend": "lodash.padend@4.6.1",
          "typical": "typical@2.6.1",
          "wordwrapjs": "wordwrapjs@3.0.0"
        }
      },
      "temp-path@1.0.0": {
        "integrity": "sha512-TvmyH7kC6ZVTYkqCODjJIbgvu0FKiwQpZ4D1aknE7xpcDf/qEOB8KZEK5ef2pfbVoiBhNWs3yx4y+ESMtNYmlg==",
        "dependencies": {}
      },
      "test-value@1.1.0": {
        "integrity": "sha512-wrsbRo7qP+2Je8x8DsK8ovCGyxe3sYfQwOraIY/09A2gFXU9DYKiTF14W4ki/01AEh56kMzAmlj9CaHGDDUBJA==",
        "dependencies": {
          "array-back": "array-back@1.0.4",
          "typical": "typical@2.6.1"
        }
      },
      "test-value@2.1.0": {
        "integrity": "sha512-+1epbAxtKeXttkGFMTX9H42oqzOTufR1ceCF+GYA5aOmvaPq9wd4PUS8329fn2RRLGNeUkgRLnVpycjx8DsO2w==",
        "dependencies": {
          "array-back": "array-back@1.0.4",
          "typical": "typical@2.6.1"
        }
      },
      "test-value@3.0.0": {
        "integrity": "sha512-sVACdAWcZkSU9x7AOmJo5TqE+GyNJknHaHsMrR6ZnhjVlVN9Yx6FjHrsKZ3BjIpPCT68zYesPWkakrNupwfOTQ==",
        "dependencies": {
          "array-back": "array-back@2.0.0",
          "typical": "typical@2.6.1"
        }
      },
      "typical@2.6.1": {
        "integrity": "sha512-ofhi8kjIje6npGozTip9Fr8iecmYfEbS06i0JnIg+rh51KakryWF4+jX8lLKZVhy6N+ID45WYSFCxPOdTWCzNg==",
        "dependencies": {}
      },
      "typical@4.0.0": {
        "integrity": "sha512-VAH4IvQ7BDFYglMd7BPRDfLgxZZX4O4TFcRDA6EN5X7erNJJq+McIEp8np9aVtxrCJ6qx4GTYVfOWNjcqwZgRw==",
        "dependencies": {}
      },
      "typical@6.0.1": {
        "integrity": "sha512-+g3NEp7fJLe9DPa1TArHm9QAA7YciZmWnfAqEaFrBihQ7epOv9i99rjtgb6Iz0wh3WuQDjsCTDfgRoGnmHN81A==",
        "dependencies": {}
      },
      "uc.micro@1.0.6": {
        "integrity": "sha512-8Y75pvTYkLJW2hWQHXxoqRgV7qb9B+9vFEtidML+7koHUFapnVJAZ6cKs+Qjz5Aw3aZWHMC6u0wJE3At+nSGwA==",
        "dependencies": {}
      },
      "uglify-js@3.17.4": {
        "integrity": "sha512-T9q82TJI9e/C1TAxYvfb16xO120tMVFZrGA3f9/P4424DNu6ypK103y0GPFVa17yotwSyZW5iYXgjYHkGrJW/g==",
        "dependencies": {}
      },
      "underscore@1.13.6": {
        "integrity": "sha512-+A5Sja4HP1M08MaXya7p5LvjuM7K6q/2EaC0+iovj/wOcMsTzMvDFbasi/oSapiwOlt252IqsKqPjCl7huKS0A==",
        "dependencies": {}
      },
      "walk-back@2.0.1": {
        "integrity": "sha512-Nb6GvBR8UWX1D+Le+xUq0+Q1kFmRBIWVrfLnQAOmcpEzA9oAxwJ9gIr36t9TWYfzvWRvuMtjHiVsJYEkXWaTAQ==",
        "dependencies": {}
      },
      "walk-back@5.1.0": {
        "integrity": "sha512-Uhxps5yZcVNbLEAnb+xaEEMdgTXl9qAQDzKYejG2AZ7qPwRQ81lozY9ECDbjLPNWm7YsO1IK5rsP1KoQzXAcGA==",
        "dependencies": {}
      },
      "wordwrap@1.0.0": {
        "integrity": "sha512-gvVzJFlPycKc5dZN4yPkP8w7Dc37BtP1yczEneOb4uq34pXZcvrtRTmWV8W+Ume+XCxKgbjM+nevkyFPMybd4Q==",
        "dependencies": {}
      },
      "wordwrapjs@3.0.0": {
        "integrity": "sha512-mO8XtqyPvykVCsrwj5MlOVWvSnCdT+C+QVbm6blradR7JExAhbkZ7hZ9A+9NUtwzSqrlUo9a67ws0EiILrvRpw==",
        "dependencies": {
          "reduce-flatten": "reduce-flatten@1.0.1",
          "typical": "typical@2.6.1"
        }
      },
      "wrappy@1.0.2": {
        "integrity": "sha512-l4Sp/DRseor9wL6EvV2+TuQn63dMkPjZ/sp9XkghTEbV9KlPS1xUsZ3u7/IQO4wxtcFB4bgpQPRcR3QCvezPcQ==",
        "dependencies": {}
      },
      "xmlcreate@2.0.4": {
        "integrity": "sha512-nquOebG4sngPmGPICTS5EnxqhKbCmz5Ox5hsszI2T6U5qdrJizBc+0ilYSEjTSzU0yZcmvppztXe/5Al5fUwdg==",
        "dependencies": {}
      }
    }
  },
  "remote": {
    "https://deno.land/std@0.204.0/dotenv/mod.ts": "1da8c6d0e7f7d8a5c2b19400b763bc11739df24acec235dda7ea2cfd3d300057"
  }
}
